// !$*UTF8*$!
{
	archiveVersion = 1;
	classes = {
	};
	objectVersion = 50;
	objects = {

/* Begin PBXBuildFile section */
		04B56CDD2394C98200743C55 /* AppDelegate.swift in Sources */ = {isa = PBXBuildFile; fileRef = 04B56CDC2394C98200743C55 /* AppDelegate.swift */; };
		04B56CE22394C98200743C55 /* Main.storyboard in Resources */ = {isa = PBXBuildFile; fileRef = 04B56CE02394C98200743C55 /* Main.storyboard */; };
		04B56CE42394C98400743C55 /* Assets.xcassets in Resources */ = {isa = PBXBuildFile; fileRef = 04B56CE32394C98400743C55 /* Assets.xcassets */; };
		04B56CE72394C98400743C55 /* LaunchScreen.storyboard in Resources */ = {isa = PBXBuildFile; fileRef = 04B56CE52394C98400743C55 /* LaunchScreen.storyboard */; };
		04B56CF22394C98500743C55 /* testAppTests.swift in Sources */ = {isa = PBXBuildFile; fileRef = 04B56CF12394C98500743C55 /* testAppTests.swift */; };
		04B56CFD2394C98500743C55 /* testAppUITests.swift in Sources */ = {isa = PBXBuildFile; fileRef = 04B56CFC2394C98500743C55 /* testAppUITests.swift */; };
		04B56D0E2394CB2D00743C55 /* Category.swift in Sources */ = {isa = PBXBuildFile; fileRef = 04B56D0D2394CB2D00743C55 /* Category.swift */; };
		04B56D102394CDA600743C55 /* CategoryProvider.swift in Sources */ = {isa = PBXBuildFile; fileRef = 04B56D0F2394CDA600743C55 /* CategoryProvider.swift */; };
		04B56D122394D02900743C55 /* CategoriesCollectionViewController.swift in Sources */ = {isa = PBXBuildFile; fileRef = 04B56D112394D02900743C55 /* CategoriesCollectionViewController.swift */; };
		04B56D142394D53D00743C55 /* CategoryCollectionViewCell.swift in Sources */ = {isa = PBXBuildFile; fileRef = 04B56D132394D53D00743C55 /* CategoryCollectionViewCell.swift */; };
		04B56D162394F59E00743C55 /* AdvertsTableViewController.swift in Sources */ = {isa = PBXBuildFile; fileRef = 04B56D152394F59E00743C55 /* AdvertsTableViewController.swift */; };
		04B56D182394F6E200743C55 /* Adverts.swift in Sources */ = {isa = PBXBuildFile; fileRef = 04B56D172394F6E200743C55 /* Adverts.swift */; };
		04B56D1A2394F7D900743C55 /* AdvertsProvider.swift in Sources */ = {isa = PBXBuildFile; fileRef = 04B56D192394F7D900743C55 /* AdvertsProvider.swift */; };
		04B56D1C2394FB7F00743C55 /* AdvertsTableViewCell.swift in Sources */ = {isa = PBXBuildFile; fileRef = 04B56D1B2394FB7F00743C55 /* AdvertsTableViewCell.swift */; };
		04B56D1E23952B6C00743C55 /* Advert.swift in Sources */ = {isa = PBXBuildFile; fileRef = 04B56D1D23952B6C00743C55 /* Advert.swift */; };
		04B56D2023952CC600743C55 /* AdvertViewController.swift in Sources */ = {isa = PBXBuildFile; fileRef = 04B56D1F23952CC600743C55 /* AdvertViewController.swift */; };
		04B56D2223952E0C00743C55 /* AdvertProvider.swift in Sources */ = {isa = PBXBuildFile; fileRef = 04B56D2123952E0C00743C55 /* AdvertProvider.swift */; };
		5C8C950FD2FC19F7D969A919 /* Pods_testAppTests.framework in Frameworks */ = {isa = PBXBuildFile; fileRef = 03C7E487E21F6B0BC54A100D /* Pods_testAppTests.framework */; };
		9981BCB12DC936E23BD227C2 /* Pods_testApp.framework in Frameworks */ = {isa = PBXBuildFile; fileRef = E128E8E733D6B8CBA8F77539 /* Pods_testApp.framework */; };
		E7A956DFDF4AB6DEF75AC14A /* Pods_testApp_testAppUITests.framework in Frameworks */ = {isa = PBXBuildFile; fileRef = 2A96751578E8804C04330E67 /* Pods_testApp_testAppUITests.framework */; };
/* End PBXBuildFile section */

/* Begin PBXContainerItemProxy section */
		04B56CEE2394C98500743C55 /* PBXContainerItemProxy */ = {
			isa = PBXContainerItemProxy;
			containerPortal = 04B56CD12394C98200743C55 /* Project object */;
			proxyType = 1;
			remoteGlobalIDString = 04B56CD82394C98200743C55;
			remoteInfo = testApp;
		};
		04B56CF92394C98500743C55 /* PBXContainerItemProxy */ = {
			isa = PBXContainerItemProxy;
			containerPortal = 04B56CD12394C98200743C55 /* Project object */;
			proxyType = 1;
			remoteGlobalIDString = 04B56CD82394C98200743C55;
			remoteInfo = testApp;
		};
/* End PBXContainerItemProxy section */

/* Begin PBXFileReference section */
		03C7E487E21F6B0BC54A100D /* Pods_testAppTests.framework */ = {isa = PBXFileReference; explicitFileType = wrapper.framework; includeInIndex = 0; path = Pods_testAppTests.framework; sourceTree = BUILT_PRODUCTS_DIR; };
		04B56CD92394C98200743C55 /* testApp.app */ = {isa = PBXFileReference; explicitFileType = wrapper.application; includeInIndex = 0; path = testApp.app; sourceTree = BUILT_PRODUCTS_DIR; };
		04B56CDC2394C98200743C55 /* AppDelegate.swift */ = {isa = PBXFileReference; lastKnownFileType = sourcecode.swift; path = AppDelegate.swift; sourceTree = "<group>"; };
		04B56CE12394C98200743C55 /* Base */ = {isa = PBXFileReference; lastKnownFileType = file.storyboard; name = Base; path = Base.lproj/Main.storyboard; sourceTree = "<group>"; };
		04B56CE32394C98400743C55 /* Assets.xcassets */ = {isa = PBXFileReference; lastKnownFileType = folder.assetcatalog; path = Assets.xcassets; sourceTree = "<group>"; };
		04B56CE62394C98400743C55 /* Base */ = {isa = PBXFileReference; lastKnownFileType = file.storyboard; name = Base; path = Base.lproj/LaunchScreen.storyboard; sourceTree = "<group>"; };
		04B56CE82394C98400743C55 /* Info.plist */ = {isa = PBXFileReference; lastKnownFileType = text.plist.xml; path = Info.plist; sourceTree = "<group>"; };
		04B56CED2394C98500743C55 /* testAppTests.xctest */ = {isa = PBXFileReference; explicitFileType = wrapper.cfbundle; includeInIndex = 0; path = testAppTests.xctest; sourceTree = BUILT_PRODUCTS_DIR; };
		04B56CF12394C98500743C55 /* testAppTests.swift */ = {isa = PBXFileReference; lastKnownFileType = sourcecode.swift; path = testAppTests.swift; sourceTree = "<group>"; };
		04B56CF32394C98500743C55 /* Info.plist */ = {isa = PBXFileReference; lastKnownFileType = text.plist.xml; path = Info.plist; sourceTree = "<group>"; };
		04B56CF82394C98500743C55 /* testAppUITests.xctest */ = {isa = PBXFileReference; explicitFileType = wrapper.cfbundle; includeInIndex = 0; path = testAppUITests.xctest; sourceTree = BUILT_PRODUCTS_DIR; };
		04B56CFC2394C98500743C55 /* testAppUITests.swift */ = {isa = PBXFileReference; lastKnownFileType = sourcecode.swift; path = testAppUITests.swift; sourceTree = "<group>"; };
		04B56CFE2394C98500743C55 /* Info.plist */ = {isa = PBXFileReference; lastKnownFileType = text.plist.xml; path = Info.plist; sourceTree = "<group>"; };
		04B56D0D2394CB2D00743C55 /* Category.swift */ = {isa = PBXFileReference; lastKnownFileType = sourcecode.swift; path = Category.swift; sourceTree = "<group>"; };
		04B56D0F2394CDA600743C55 /* CategoryProvider.swift */ = {isa = PBXFileReference; lastKnownFileType = sourcecode.swift; path = CategoryProvider.swift; sourceTree = "<group>"; };
		04B56D112394D02900743C55 /* CategoriesCollectionViewController.swift */ = {isa = PBXFileReference; lastKnownFileType = sourcecode.swift; path = CategoriesCollectionViewController.swift; sourceTree = "<group>"; };
		04B56D132394D53D00743C55 /* CategoryCollectionViewCell.swift */ = {isa = PBXFileReference; lastKnownFileType = sourcecode.swift; path = CategoryCollectionViewCell.swift; sourceTree = "<group>"; };
		04B56D152394F59E00743C55 /* AdvertsTableViewController.swift */ = {isa = PBXFileReference; lastKnownFileType = sourcecode.swift; path = AdvertsTableViewController.swift; sourceTree = "<group>"; };
		04B56D172394F6E200743C55 /* Adverts.swift */ = {isa = PBXFileReference; lastKnownFileType = sourcecode.swift; path = Adverts.swift; sourceTree = "<group>"; };
		04B56D192394F7D900743C55 /* AdvertsProvider.swift */ = {isa = PBXFileReference; lastKnownFileType = sourcecode.swift; path = AdvertsProvider.swift; sourceTree = "<group>"; };
		04B56D1B2394FB7F00743C55 /* AdvertsTableViewCell.swift */ = {isa = PBXFileReference; lastKnownFileType = sourcecode.swift; path = AdvertsTableViewCell.swift; sourceTree = "<group>"; };
		04B56D1D23952B6C00743C55 /* Advert.swift */ = {isa = PBXFileReference; lastKnownFileType = sourcecode.swift; path = Advert.swift; sourceTree = "<group>"; };
		04B56D1F23952CC600743C55 /* AdvertViewController.swift */ = {isa = PBXFileReference; lastKnownFileType = sourcecode.swift; path = AdvertViewController.swift; sourceTree = "<group>"; };
		04B56D2123952E0C00743C55 /* AdvertProvider.swift */ = {isa = PBXFileReference; lastKnownFileType = sourcecode.swift; path = AdvertProvider.swift; sourceTree = "<group>"; };
		2A96751578E8804C04330E67 /* Pods_testApp_testAppUITests.framework */ = {isa = PBXFileReference; explicitFileType = wrapper.framework; includeInIndex = 0; path = Pods_testApp_testAppUITests.framework; sourceTree = BUILT_PRODUCTS_DIR; };
		5E95190DC75182549E74577C /* Pods-testApp-testAppUITests.debug.xcconfig */ = {isa = PBXFileReference; includeInIndex = 1; lastKnownFileType = text.xcconfig; name = "Pods-testApp-testAppUITests.debug.xcconfig"; path = "Target Support Files/Pods-testApp-testAppUITests/Pods-testApp-testAppUITests.debug.xcconfig"; sourceTree = "<group>"; };
		A5234B6EEA98B528C0C6C77D /* Pods-testAppTests.release.xcconfig */ = {isa = PBXFileReference; includeInIndex = 1; lastKnownFileType = text.xcconfig; name = "Pods-testAppTests.release.xcconfig"; path = "Target Support Files/Pods-testAppTests/Pods-testAppTests.release.xcconfig"; sourceTree = "<group>"; };
		B32919AD99A9EA575F2DF02F /* Pods-testAppTests.debug.xcconfig */ = {isa = PBXFileReference; includeInIndex = 1; lastKnownFileType = text.xcconfig; name = "Pods-testAppTests.debug.xcconfig"; path = "Target Support Files/Pods-testAppTests/Pods-testAppTests.debug.xcconfig"; sourceTree = "<group>"; };
		C83314EDCC8D5EA6AE19E2EB /* Pods-testApp-testAppUITests.release.xcconfig */ = {isa = PBXFileReference; includeInIndex = 1; lastKnownFileType = text.xcconfig; name = "Pods-testApp-testAppUITests.release.xcconfig"; path = "Target Support Files/Pods-testApp-testAppUITests/Pods-testApp-testAppUITests.release.xcconfig"; sourceTree = "<group>"; };
		E128E8E733D6B8CBA8F77539 /* Pods_testApp.framework */ = {isa = PBXFileReference; explicitFileType = wrapper.framework; includeInIndex = 0; path = Pods_testApp.framework; sourceTree = BUILT_PRODUCTS_DIR; };
		E5BD8CDA5BF3BEFC3AD13B75 /* Pods-testApp.release.xcconfig */ = {isa = PBXFileReference; includeInIndex = 1; lastKnownFileType = text.xcconfig; name = "Pods-testApp.release.xcconfig"; path = "Target Support Files/Pods-testApp/Pods-testApp.release.xcconfig"; sourceTree = "<group>"; };
		E8C50CB502B545949A1999BC /* Pods-testApp.debug.xcconfig */ = {isa = PBXFileReference; includeInIndex = 1; lastKnownFileType = text.xcconfig; name = "Pods-testApp.debug.xcconfig"; path = "Target Support Files/Pods-testApp/Pods-testApp.debug.xcconfig"; sourceTree = "<group>"; };
/* End PBXFileReference section */

/* Begin PBXFrameworksBuildPhase section */
		04B56CD62394C98200743C55 /* Frameworks */ = {
			isa = PBXFrameworksBuildPhase;
			buildActionMask = 2147483647;
			files = (
				9981BCB12DC936E23BD227C2 /* Pods_testApp.framework in Frameworks */,
			);
			runOnlyForDeploymentPostprocessing = 0;
		};
		04B56CEA2394C98400743C55 /* Frameworks */ = {
			isa = PBXFrameworksBuildPhase;
			buildActionMask = 2147483647;
			files = (
				5C8C950FD2FC19F7D969A919 /* Pods_testAppTests.framework in Frameworks */,
			);
			runOnlyForDeploymentPostprocessing = 0;
		};
		04B56CF52394C98500743C55 /* Frameworks */ = {
			isa = PBXFrameworksBuildPhase;
			buildActionMask = 2147483647;
			files = (
				E7A956DFDF4AB6DEF75AC14A /* Pods_testApp_testAppUITests.framework in Frameworks */,
			);
			runOnlyForDeploymentPostprocessing = 0;
		};
/* End PBXFrameworksBuildPhase section */

/* Begin PBXGroup section */
		04B56CD02394C98200743C55 = {
			isa = PBXGroup;
			children = (
				04B56D0C2394CB1600743C55 /* Model */,
				04B56D0B2394CB1100743C55 /* View */,
				04B56D0A2394CB0A00743C55 /* Controller */,
				04B56CDB2394C98200743C55 /* testApp */,
				04B56CF02394C98500743C55 /* testAppTests */,
				04B56CFB2394C98500743C55 /* testAppUITests */,
				04B56CDA2394C98200743C55 /* Products */,
				3C7E5ABB5C9D091D57A415B6 /* Pods */,
				618EEE60CE438E83406BB94E /* Frameworks */,
			);
			sourceTree = "<group>";
		};
		04B56CDA2394C98200743C55 /* Products */ = {
			isa = PBXGroup;
			children = (
				04B56CD92394C98200743C55 /* testApp.app */,
				04B56CED2394C98500743C55 /* testAppTests.xctest */,
				04B56CF82394C98500743C55 /* testAppUITests.xctest */,
			);
			name = Products;
			sourceTree = "<group>";
		};
		04B56CDB2394C98200743C55 /* testApp */ = {
			isa = PBXGroup;
			children = (
				04B56CDC2394C98200743C55 /* AppDelegate.swift */,
				04B56CE02394C98200743C55 /* Main.storyboard */,
				04B56CE32394C98400743C55 /* Assets.xcassets */,
				04B56CE52394C98400743C55 /* LaunchScreen.storyboard */,
				04B56CE82394C98400743C55 /* Info.plist */,
			);
			path = testApp;
			sourceTree = "<group>";
		};
		04B56CF02394C98500743C55 /* testAppTests */ = {
			isa = PBXGroup;
			children = (
				04B56CF12394C98500743C55 /* testAppTests.swift */,
				04B56CF32394C98500743C55 /* Info.plist */,
			);
			path = testAppTests;
			sourceTree = "<group>";
		};
		04B56CFB2394C98500743C55 /* testAppUITests */ = {
			isa = PBXGroup;
			children = (
				04B56CFC2394C98500743C55 /* testAppUITests.swift */,
				04B56CFE2394C98500743C55 /* Info.plist */,
			);
			path = testAppUITests;
			sourceTree = "<group>";
		};
		04B56D0A2394CB0A00743C55 /* Controller */ = {
			isa = PBXGroup;
			children = (
				04B56D112394D02900743C55 /* CategoriesCollectionViewController.swift */,
				04B56D152394F59E00743C55 /* AdvertsTableViewController.swift */,
				04B56D1F23952CC600743C55 /* AdvertViewController.swift */,
			);
			path = Controller;
			sourceTree = "<group>";
		};
		04B56D0B2394CB1100743C55 /* View */ = {
			isa = PBXGroup;
			children = (
				04B56D132394D53D00743C55 /* CategoryCollectionViewCell.swift */,
				04B56D1B2394FB7F00743C55 /* AdvertsTableViewCell.swift */,
			);
			path = View;
			sourceTree = "<group>";
		};
		04B56D0C2394CB1600743C55 /* Model */ = {
			isa = PBXGroup;
			children = (
				04B56D0D2394CB2D00743C55 /* Category.swift */,
				04B56D0F2394CDA600743C55 /* CategoryProvider.swift */,
				04B56D172394F6E200743C55 /* Adverts.swift */,
				04B56D192394F7D900743C55 /* AdvertsProvider.swift */,
				04B56D1D23952B6C00743C55 /* Advert.swift */,
				04B56D2123952E0C00743C55 /* AdvertProvider.swift */,
			);
			path = Model;
			sourceTree = "<group>";
		};
		3C7E5ABB5C9D091D57A415B6 /* Pods */ = {
			isa = PBXGroup;
			children = (
				E8C50CB502B545949A1999BC /* Pods-testApp.debug.xcconfig */,
				E5BD8CDA5BF3BEFC3AD13B75 /* Pods-testApp.release.xcconfig */,
				5E95190DC75182549E74577C /* Pods-testApp-testAppUITests.debug.xcconfig */,
				C83314EDCC8D5EA6AE19E2EB /* Pods-testApp-testAppUITests.release.xcconfig */,
				B32919AD99A9EA575F2DF02F /* Pods-testAppTests.debug.xcconfig */,
				A5234B6EEA98B528C0C6C77D /* Pods-testAppTests.release.xcconfig */,
			);
			name = Pods;
			path = Pods;
			sourceTree = "<group>";
		};
		618EEE60CE438E83406BB94E /* Frameworks */ = {
			isa = PBXGroup;
			children = (
				E128E8E733D6B8CBA8F77539 /* Pods_testApp.framework */,
				2A96751578E8804C04330E67 /* Pods_testApp_testAppUITests.framework */,
				03C7E487E21F6B0BC54A100D /* Pods_testAppTests.framework */,
			);
			name = Frameworks;
			sourceTree = "<group>";
		};
/* End PBXGroup section */

/* Begin PBXNativeTarget section */
		04B56CD82394C98200743C55 /* testApp */ = {
			isa = PBXNativeTarget;
			buildConfigurationList = 04B56D012394C98500743C55 /* Build configuration list for PBXNativeTarget "testApp" */;
			buildPhases = (
				3B7FC42948C78BD3A095468A /* [CP] Check Pods Manifest.lock */,
				04B56CD52394C98200743C55 /* Sources */,
				04B56CD62394C98200743C55 /* Frameworks */,
				04B56CD72394C98200743C55 /* Resources */,
				F44480A201E8DCDDDD9E952A /* [CP] Embed Pods Frameworks */,
			);
			buildRules = (
			);
			dependencies = (
			);
			name = testApp;
			productName = testApp;
			productReference = 04B56CD92394C98200743C55 /* testApp.app */;
			productType = "com.apple.product-type.application";
		};
		04B56CEC2394C98400743C55 /* testAppTests */ = {
			isa = PBXNativeTarget;
			buildConfigurationList = 04B56D042394C98500743C55 /* Build configuration list for PBXNativeTarget "testAppTests" */;
			buildPhases = (
				C40EE594B416911388654AD2 /* [CP] Check Pods Manifest.lock */,
				04B56CE92394C98400743C55 /* Sources */,
				04B56CEA2394C98400743C55 /* Frameworks */,
				04B56CEB2394C98400743C55 /* Resources */,
			);
			buildRules = (
			);
			dependencies = (
				04B56CEF2394C98500743C55 /* PBXTargetDependency */,
			);
			name = testAppTests;
			productName = testAppTests;
			productReference = 04B56CED2394C98500743C55 /* testAppTests.xctest */;
			productType = "com.apple.product-type.bundle.unit-test";
		};
		04B56CF72394C98500743C55 /* testAppUITests */ = {
			isa = PBXNativeTarget;
			buildConfigurationList = 04B56D072394C98500743C55 /* Build configuration list for PBXNativeTarget "testAppUITests" */;
			buildPhases = (
				B4210FD9ADCAF944FF849332 /* [CP] Check Pods Manifest.lock */,
				04B56CF42394C98500743C55 /* Sources */,
				04B56CF52394C98500743C55 /* Frameworks */,
				04B56CF62394C98500743C55 /* Resources */,
				E8E176E32A261B03E908C8BD /* [CP] Embed Pods Frameworks */,
			);
			buildRules = (
			);
			dependencies = (
				04B56CFA2394C98500743C55 /* PBXTargetDependency */,
			);
			name = testAppUITests;
			productName = testAppUITests;
			productReference = 04B56CF82394C98500743C55 /* testAppUITests.xctest */;
			productType = "com.apple.product-type.bundle.ui-testing";
		};
/* End PBXNativeTarget section */

/* Begin PBXProject section */
		04B56CD12394C98200743C55 /* Project object */ = {
			isa = PBXProject;
			attributes = {
				LastSwiftUpdateCheck = 1020;
				LastUpgradeCheck = 1020;
				ORGANIZATIONNAME = mac;
				TargetAttributes = {
					04B56CD82394C98200743C55 = {
						CreatedOnToolsVersion = 10.2;
					};
					04B56CEC2394C98400743C55 = {
						CreatedOnToolsVersion = 10.2;
						TestTargetID = 04B56CD82394C98200743C55;
					};
					04B56CF72394C98500743C55 = {
						CreatedOnToolsVersion = 10.2;
						TestTargetID = 04B56CD82394C98200743C55;
					};
				};
			};
			buildConfigurationList = 04B56CD42394C98200743C55 /* Build configuration list for PBXProject "testApp" */;
			compatibilityVersion = "Xcode 9.3";
			developmentRegion = en;
			hasScannedForEncodings = 0;
			knownRegions = (
				en,
				Base,
			);
			mainGroup = 04B56CD02394C98200743C55;
			productRefGroup = 04B56CDA2394C98200743C55 /* Products */;
			projectDirPath = "";
			projectRoot = "";
			targets = (
				04B56CD82394C98200743C55 /* testApp */,
				04B56CEC2394C98400743C55 /* testAppTests */,
				04B56CF72394C98500743C55 /* testAppUITests */,
			);
		};
/* End PBXProject section */

/* Begin PBXResourcesBuildPhase section */
		04B56CD72394C98200743C55 /* Resources */ = {
			isa = PBXResourcesBuildPhase;
			buildActionMask = 2147483647;
			files = (
				04B56CE72394C98400743C55 /* LaunchScreen.storyboard in Resources */,
				04B56CE42394C98400743C55 /* Assets.xcassets in Resources */,
				04B56CE22394C98200743C55 /* Main.storyboard in Resources */,
			);
			runOnlyForDeploymentPostprocessing = 0;
		};
		04B56CEB2394C98400743C55 /* Resources */ = {
			isa = PBXResourcesBuildPhase;
			buildActionMask = 2147483647;
			files = (
			);
			runOnlyForDeploymentPostprocessing = 0;
		};
		04B56CF62394C98500743C55 /* Resources */ = {
			isa = PBXResourcesBuildPhase;
			buildActionMask = 2147483647;
			files = (
			);
			runOnlyForDeploymentPostprocessing = 0;
		};
/* End PBXResourcesBuildPhase section */

/* Begin PBXShellScriptBuildPhase section */
		3B7FC42948C78BD3A095468A /* [CP] Check Pods Manifest.lock */ = {
			isa = PBXShellScriptBuildPhase;
			buildActionMask = 2147483647;
			files = (
			);
			inputFileListPaths = (
			);
			inputPaths = (
				"${PODS_PODFILE_DIR_PATH}/Podfile.lock",
				"${PODS_ROOT}/Manifest.lock",
			);
			name = "[CP] Check Pods Manifest.lock";
			outputFileListPaths = (
			);
			outputPaths = (
				"$(DERIVED_FILE_DIR)/Pods-testApp-checkManifestLockResult.txt",
			);
			runOnlyForDeploymentPostprocessing = 0;
			shellPath = /bin/sh;
			shellScript = "diff \"${PODS_PODFILE_DIR_PATH}/Podfile.lock\" \"${PODS_ROOT}/Manifest.lock\" > /dev/null\nif [ $? != 0 ] ; then\n    # print error to STDERR\n    echo \"error: The sandbox is not in sync with the Podfile.lock. Run 'pod install' or update your CocoaPods installation.\" >&2\n    exit 1\nfi\n# This output is used by Xcode 'outputs' to avoid re-running this script phase.\necho \"SUCCESS\" > \"${SCRIPT_OUTPUT_FILE_0}\"\n";
			showEnvVarsInLog = 0;
		};
		B4210FD9ADCAF944FF849332 /* [CP] Check Pods Manifest.lock */ = {
			isa = PBXShellScriptBuildPhase;
			buildActionMask = 2147483647;
			files = (
			);
			inputFileListPaths = (
			);
			inputPaths = (
				"${PODS_PODFILE_DIR_PATH}/Podfile.lock",
				"${PODS_ROOT}/Manifest.lock",
			);
			name = "[CP] Check Pods Manifest.lock";
			outputFileListPaths = (
			);
			outputPaths = (
				"$(DERIVED_FILE_DIR)/Pods-testApp-testAppUITests-checkManifestLockResult.txt",
			);
			runOnlyForDeploymentPostprocessing = 0;
			shellPath = /bin/sh;
			shellScript = "diff \"${PODS_PODFILE_DIR_PATH}/Podfile.lock\" \"${PODS_ROOT}/Manifest.lock\" > /dev/null\nif [ $? != 0 ] ; then\n    # print error to STDERR\n    echo \"error: The sandbox is not in sync with the Podfile.lock. Run 'pod install' or update your CocoaPods installation.\" >&2\n    exit 1\nfi\n# This output is used by Xcode 'outputs' to avoid re-running this script phase.\necho \"SUCCESS\" > \"${SCRIPT_OUTPUT_FILE_0}\"\n";
			showEnvVarsInLog = 0;
		};
		C40EE594B416911388654AD2 /* [CP] Check Pods Manifest.lock */ = {
			isa = PBXShellScriptBuildPhase;
			buildActionMask = 2147483647;
			files = (
			);
			inputFileListPaths = (
			);
			inputPaths = (
				"${PODS_PODFILE_DIR_PATH}/Podfile.lock",
				"${PODS_ROOT}/Manifest.lock",
			);
			name = "[CP] Check Pods Manifest.lock";
			outputFileListPaths = (
			);
			outputPaths = (
				"$(DERIVED_FILE_DIR)/Pods-testAppTests-checkManifestLockResult.txt",
			);
			runOnlyForDeploymentPostprocessing = 0;
			shellPath = /bin/sh;
			shellScript = "diff \"${PODS_PODFILE_DIR_PATH}/Podfile.lock\" \"${PODS_ROOT}/Manifest.lock\" > /dev/null\nif [ $? != 0 ] ; then\n    # print error to STDERR\n    echo \"error: The sandbox is not in sync with the Podfile.lock. Run 'pod install' or update your CocoaPods installation.\" >&2\n    exit 1\nfi\n# This output is used by Xcode 'outputs' to avoid re-running this script phase.\necho \"SUCCESS\" > \"${SCRIPT_OUTPUT_FILE_0}\"\n";
			showEnvVarsInLog = 0;
		};
		E8E176E32A261B03E908C8BD /* [CP] Embed Pods Frameworks */ = {
			isa = PBXShellScriptBuildPhase;
			buildActionMask = 2147483647;
			files = (
			);
			inputFileListPaths = (
				"${PODS_ROOT}/Target Support Files/Pods-testApp-testAppUITests/Pods-testApp-testAppUITests-frameworks-${CONFIGURATION}-input-files.xcfilelist",
			);
			name = "[CP] Embed Pods Frameworks";
			outputFileListPaths = (
				"${PODS_ROOT}/Target Support Files/Pods-testApp-testAppUITests/Pods-testApp-testAppUITests-frameworks-${CONFIGURATION}-output-files.xcfilelist",
			);
			runOnlyForDeploymentPostprocessing = 0;
			shellPath = /bin/sh;
			shellScript = "\"${PODS_ROOT}/Target Support Files/Pods-testApp-testAppUITests/Pods-testApp-testAppUITests-frameworks.sh\"\n";
			showEnvVarsInLog = 0;
		};
		F44480A201E8DCDDDD9E952A /* [CP] Embed Pods Frameworks */ = {
			isa = PBXShellScriptBuildPhase;
			buildActionMask = 2147483647;
			files = (
			);
			inputFileListPaths = (
				"${PODS_ROOT}/Target Support Files/Pods-testApp/Pods-testApp-frameworks-${CONFIGURATION}-input-files.xcfilelist",
			);
			name = "[CP] Embed Pods Frameworks";
			outputFileListPaths = (
				"${PODS_ROOT}/Target Support Files/Pods-testApp/Pods-testApp-frameworks-${CONFIGURATION}-output-files.xcfilelist",
			);
			runOnlyForDeploymentPostprocessing = 0;
			shellPath = /bin/sh;
			shellScript = "\"${PODS_ROOT}/Target Support Files/Pods-testApp/Pods-testApp-frameworks.sh\"\n";
			showEnvVarsInLog = 0;
		};
/* End PBXShellScriptBuildPhase section */

/* Begin PBXSourcesBuildPhase section */
		04B56CD52394C98200743C55 /* Sources */ = {
			isa = PBXSourcesBuildPhase;
			buildActionMask = 2147483647;
			files = (
				04B56D2023952CC600743C55 /* AdvertViewController.swift in Sources */,
				04B56CDD2394C98200743C55 /* AppDelegate.swift in Sources */,
				04B56D1C2394FB7F00743C55 /* AdvertsTableViewCell.swift in Sources */,
				04B56D142394D53D00743C55 /* CategoryCollectionViewCell.swift in Sources */,
				04B56D162394F59E00743C55 /* AdvertsTableViewController.swift in Sources */,
				04B56D122394D02900743C55 /* CategoriesCollectionViewController.swift in Sources */,
				04B56D1A2394F7D900743C55 /* AdvertsProvider.swift in Sources */,
				04B56D102394CDA600743C55 /* CategoryProvider.swift in Sources */,
				04B56D2223952E0C00743C55 /* AdvertProvider.swift in Sources */,
				04B56D1E23952B6C00743C55 /* Advert.swift in Sources */,
				04B56D0E2394CB2D00743C55 /* Category.swift in Sources */,
				04B56D182394F6E200743C55 /* Adverts.swift in Sources */,
			);
			runOnlyForDeploymentPostprocessing = 0;
		};
		04B56CE92394C98400743C55 /* Sources */ = {
			isa = PBXSourcesBuildPhase;
			buildActionMask = 2147483647;
			files = (
				04B56CF22394C98500743C55 /* testAppTests.swift in Sources */,
			);
			runOnlyForDeploymentPostprocessing = 0;
		};
		04B56CF42394C98500743C55 /* Sources */ = {
			isa = PBXSourcesBuildPhase;
			buildActionMask = 2147483647;
			files = (
				04B56CFD2394C98500743C55 /* testAppUITests.swift in Sources */,
			);
			runOnlyForDeploymentPostprocessing = 0;
		};
/* End PBXSourcesBuildPhase section */

/* Begin PBXTargetDependency section */
		04B56CEF2394C98500743C55 /* PBXTargetDependency */ = {
			isa = PBXTargetDependency;
			target = 04B56CD82394C98200743C55 /* testApp */;
			targetProxy = 04B56CEE2394C98500743C55 /* PBXContainerItemProxy */;
		};
		04B56CFA2394C98500743C55 /* PBXTargetDependency */ = {
			isa = PBXTargetDependency;
			target = 04B56CD82394C98200743C55 /* testApp */;
			targetProxy = 04B56CF92394C98500743C55 /* PBXContainerItemProxy */;
		};
/* End PBXTargetDependency section */

/* Begin PBXVariantGroup section */
		04B56CE02394C98200743C55 /* Main.storyboard */ = {
			isa = PBXVariantGroup;
			children = (
				04B56CE12394C98200743C55 /* Base */,
			);
			name = Main.storyboard;
			sourceTree = "<group>";
		};
		04B56CE52394C98400743C55 /* LaunchScreen.storyboard */ = {
			isa = PBXVariantGroup;
			children = (
				04B56CE62394C98400743C55 /* Base */,
			);
			name = LaunchScreen.storyboard;
			sourceTree = "<group>";
		};
/* End PBXVariantGroup section */

/* Begin XCBuildConfiguration section */
		04B56CFF2394C98500743C55 /* Debug */ = {
			isa = XCBuildConfiguration;
			buildSettings = {
				ALWAYS_SEARCH_USER_PATHS = NO;
				CLANG_ANALYZER_NONNULL = YES;
				CLANG_ANALYZER_NUMBER_OBJECT_CONVERSION = YES_AGGRESSIVE;
				CLANG_CXX_LANGUAGE_STANDARD = "gnu++14";
				CLANG_CXX_LIBRARY = "libc++";
				CLANG_ENABLE_MODULES = YES;
				CLANG_ENABLE_OBJC_ARC = YES;
				CLANG_ENABLE_OBJC_WEAK = YES;
				CLANG_WARN_BLOCK_CAPTURE_AUTORELEASING = YES;
				CLANG_WARN_BOOL_CONVERSION = YES;
				CLANG_WARN_COMMA = YES;
				CLANG_WARN_CONSTANT_CONVERSION = YES;
				CLANG_WARN_DEPRECATED_OBJC_IMPLEMENTATIONS = YES;
				CLANG_WARN_DIRECT_OBJC_ISA_USAGE = YES_ERROR;
				CLANG_WARN_DOCUMENTATION_COMMENTS = YES;
				CLANG_WARN_EMPTY_BODY = YES;
				CLANG_WARN_ENUM_CONVERSION = YES;
				CLANG_WARN_INFINITE_RECURSION = YES;
				CLANG_WARN_INT_CONVERSION = YES;
				CLANG_WARN_NON_LITERAL_NULL_CONVERSION = YES;
				CLANG_WARN_OBJC_IMPLICIT_RETAIN_SELF = YES;
				CLANG_WARN_OBJC_LITERAL_CONVERSION = YES;
				CLANG_WARN_OBJC_ROOT_CLASS = YES_ERROR;
				CLANG_WARN_RANGE_LOOP_ANALYSIS = YES;
				CLANG_WARN_STRICT_PROTOTYPES = YES;
				CLANG_WARN_SUSPICIOUS_MOVE = YES;
				CLANG_WARN_UNGUARDED_AVAILABILITY = YES_AGGRESSIVE;
				CLANG_WARN_UNREACHABLE_CODE = YES;
				CLANG_WARN__DUPLICATE_METHOD_MATCH = YES;
				CODE_SIGN_IDENTITY = "iPhone Developer";
				COPY_PHASE_STRIP = NO;
				DEBUG_INFORMATION_FORMAT = dwarf;
				ENABLE_STRICT_OBJC_MSGSEND = YES;
				ENABLE_TESTABILITY = YES;
				GCC_C_LANGUAGE_STANDARD = gnu11;
				GCC_DYNAMIC_NO_PIC = NO;
				GCC_NO_COMMON_BLOCKS = YES;
				GCC_OPTIMIZATION_LEVEL = 0;
				GCC_PREPROCESSOR_DEFINITIONS = (
					"DEBUG=1",
					"$(inherited)",
				);
				GCC_WARN_64_TO_32_BIT_CONVERSION = YES;
				GCC_WARN_ABOUT_RETURN_TYPE = YES_ERROR;
				GCC_WARN_UNDECLARED_SELECTOR = YES;
				GCC_WARN_UNINITIALIZED_AUTOS = YES_AGGRESSIVE;
				GCC_WARN_UNUSED_FUNCTION = YES;
				GCC_WARN_UNUSED_VARIABLE = YES;
				IPHONEOS_DEPLOYMENT_TARGET = 12.2;
				MTL_ENABLE_DEBUG_INFO = INCLUDE_SOURCE;
				MTL_FAST_MATH = YES;
				ONLY_ACTIVE_ARCH = YES;
				SDKROOT = iphoneos;
				SWIFT_ACTIVE_COMPILATION_CONDITIONS = DEBUG;
				SWIFT_OPTIMIZATION_LEVEL = "-Onone";
			};
			name = Debug;
		};
		04B56D002394C98500743C55 /* Release */ = {
			isa = XCBuildConfiguration;
			buildSettings = {
				ALWAYS_SEARCH_USER_PATHS = NO;
				CLANG_ANALYZER_NONNULL = YES;
				CLANG_ANALYZER_NUMBER_OBJECT_CONVERSION = YES_AGGRESSIVE;
				CLANG_CXX_LANGUAGE_STANDARD = "gnu++14";
				CLANG_CXX_LIBRARY = "libc++";
				CLANG_ENABLE_MODULES = YES;
				CLANG_ENABLE_OBJC_ARC = YES;
				CLANG_ENABLE_OBJC_WEAK = YES;
				CLANG_WARN_BLOCK_CAPTURE_AUTORELEASING = YES;
				CLANG_WARN_BOOL_CONVERSION = YES;
				CLANG_WARN_COMMA = YES;
				CLANG_WARN_CONSTANT_CONVERSION = YES;
				CLANG_WARN_DEPRECATED_OBJC_IMPLEMENTATIONS = YES;
				CLANG_WARN_DIRECT_OBJC_ISA_USAGE = YES_ERROR;
				CLANG_WARN_DOCUMENTATION_COMMENTS = YES;
				CLANG_WARN_EMPTY_BODY = YES;
				CLANG_WARN_ENUM_CONVERSION = YES;
				CLANG_WARN_INFINITE_RECURSION = YES;
				CLANG_WARN_INT_CONVERSION = YES;
				CLANG_WARN_NON_LITERAL_NULL_CONVERSION = YES;
				CLANG_WARN_OBJC_IMPLICIT_RETAIN_SELF = YES;
				CLANG_WARN_OBJC_LITERAL_CONVERSION = YES;
				CLANG_WARN_OBJC_ROOT_CLASS = YES_ERROR;
				CLANG_WARN_RANGE_LOOP_ANALYSIS = YES;
				CLANG_WARN_STRICT_PROTOTYPES = YES;
				CLANG_WARN_SUSPICIOUS_MOVE = YES;
				CLANG_WARN_UNGUARDED_AVAILABILITY = YES_AGGRESSIVE;
				CLANG_WARN_UNREACHABLE_CODE = YES;
				CLANG_WARN__DUPLICATE_METHOD_MATCH = YES;
				CODE_SIGN_IDENTITY = "iPhone Developer";
				COPY_PHASE_STRIP = NO;
				DEBUG_INFORMATION_FORMAT = "dwarf-with-dsym";
				ENABLE_NS_ASSERTIONS = NO;
				ENABLE_STRICT_OBJC_MSGSEND = YES;
				GCC_C_LANGUAGE_STANDARD = gnu11;
				GCC_NO_COMMON_BLOCKS = YES;
				GCC_WARN_64_TO_32_BIT_CONVERSION = YES;
				GCC_WARN_ABOUT_RETURN_TYPE = YES_ERROR;
				GCC_WARN_UNDECLARED_SELECTOR = YES;
				GCC_WARN_UNINITIALIZED_AUTOS = YES_AGGRESSIVE;
				GCC_WARN_UNUSED_FUNCTION = YES;
				GCC_WARN_UNUSED_VARIABLE = YES;
				IPHONEOS_DEPLOYMENT_TARGET = 12.2;
				MTL_ENABLE_DEBUG_INFO = NO;
				MTL_FAST_MATH = YES;
				SDKROOT = iphoneos;
				SWIFT_COMPILATION_MODE = wholemodule;
				SWIFT_OPTIMIZATION_LEVEL = "-O";
				VALIDATE_PRODUCT = YES;
			};
			name = Release;
		};
		04B56D022394C98500743C55 /* Debug */ = {
			isa = XCBuildConfiguration;
			baseConfigurationReference = E8C50CB502B545949A1999BC /* Pods-testApp.debug.xcconfig */;
			buildSettings = {
				ASSETCATALOG_COMPILER_APPICON_NAME = AppIcon;
				CODE_SIGN_STYLE = Automatic;
				DEVELOPMENT_TEAM = 4QKU98VAAA;
				INFOPLIST_FILE = testApp/Info.plist;
				LD_RUNPATH_SEARCH_PATHS = (
					"$(inherited)",
					"@executable_path/Frameworks",
				);
				PRODUCT_BUNDLE_IDENTIFIER = com.nazym.berdaliyeva.testApp;
				PRODUCT_NAME = "$(TARGET_NAME)";
				SWIFT_VERSION = 5.0;
				TARGETED_DEVICE_FAMILY = "1,2";
			};
			name = Debug;
		};
		04B56D032394C98500743C55 /* Release */ = {
			isa = XCBuildConfiguration;
			baseConfigurationReference = E5BD8CDA5BF3BEFC3AD13B75 /* Pods-testApp.release.xcconfig */;
			buildSettings = {
				ASSETCATALOG_COMPILER_APPICON_NAME = AppIcon;
				CODE_SIGN_STYLE = Automatic;
				DEVELOPMENT_TEAM = 4QKU98VAAA;
				INFOPLIST_FILE = testApp/Info.plist;
				LD_RUNPATH_SEARCH_PATHS = (
					"$(inherited)",
					"@executable_path/Frameworks",
				);
				PRODUCT_BUNDLE_IDENTIFIER = com.nazym.berdaliyeva.testApp;
				PRODUCT_NAME = "$(TARGET_NAME)";
				SWIFT_VERSION = 5.0;
				TARGETED_DEVICE_FAMILY = "1,2";
			};
			name = Release;
		};
		04B56D052394C98500743C55 /* Debug */ = {
			isa = XCBuildConfiguration;
			baseConfigurationReference = B32919AD99A9EA575F2DF02F /* Pods-testAppTests.debug.xcconfig */;
			buildSettings = {
				ALWAYS_EMBED_SWIFT_STANDARD_LIBRARIES = YES;
				BUNDLE_LOADER = "$(TEST_HOST)";
				CODE_SIGN_STYLE = Automatic;
				DEVELOPMENT_TEAM = 4QKU98VAAA;
				INFOPLIST_FILE = testAppTests/Info.plist;
				LD_RUNPATH_SEARCH_PATHS = (
					"$(inherited)",
					"@executable_path/Frameworks",
					"@loader_path/Frameworks",
				);
				PRODUCT_BUNDLE_IDENTIFIER = com.nazym.berdaliyeva.testAppTests;
				PRODUCT_NAME = "$(TARGET_NAME)";
				SWIFT_VERSION = 5.0;
				TARGETED_DEVICE_FAMILY = "1,2";
				TEST_HOST = "$(BUILT_PRODUCTS_DIR)/testApp.app/testApp";
			};
			name = Debug;
		};
		04B56D062394C98500743C55 /* Release */ = {
			isa = XCBuildConfiguration;
			baseConfigurationReference = A5234B6EEA98B528C0C6C77D /* Pods-testAppTests.release.xcconfig */;
			buildSettings = {
				ALWAYS_EMBED_SWIFT_STANDARD_LIBRARIES = YES;
				BUNDLE_LOADER = "$(TEST_HOST)";
				CODE_SIGN_STYLE = Automatic;
				DEVELOPMENT_TEAM = 4QKU98VAAA;
				INFOPLIST_FILE = testAppTests/Info.plist;
				LD_RUNPATH_SEARCH_PATHS = (
					"$(inherited)",
					"@executable_path/Frameworks",
					"@loader_path/Frameworks",
				);
				PRODUCT_BUNDLE_IDENTIFIER = com.nazym.berdaliyeva.testAppTests;
				PRODUCT_NAME = "$(TARGET_NAME)";
				SWIFT_VERSION = 5.0;
				TARGETED_DEVICE_FAMILY = "1,2";
				TEST_HOST = "$(BUILT_PRODUCTS_DIR)/testApp.app/testApp";
			};
			name = Release;
		};
		04B56D082394C98500743C55 /* Debug */ = {
			isa = XCBuildConfiguration;
			baseConfigurationReference = 5E95190DC75182549E74577C /* Pods-testApp-testAppUITests.debug.xcconfig */;
			buildSettings = {
				ALWAYS_EMBED_SWIFT_STANDARD_LIBRARIES = YES;
				CODE_SIGN_STYLE = Automatic;
				DEVELOPMENT_TEAM = 4QKU98VAAA;
				INFOPLIST_FILE = testAppUITests/Info.plist;
				LD_RUNPATH_SEARCH_PATHS = (
					"$(inherited)",
					"@executable_path/Frameworks",
					"@loader_path/Frameworks",
				);
				PRODUCT_BUNDLE_IDENTIFIER = com.nazym.berdaliyeva.testAppUITests;
				PRODUCT_NAME = "$(TARGET_NAME)";
				SWIFT_VERSION = 5.0;
				TARGETED_DEVICE_FAMILY = "1,2";
				TEST_TARGET_NAME = testApp;
			};
			name = Debug;
		};
		04B56D092394C98500743C55 /* Release */ = {
			isa = XCBuildConfiguration;
			baseConfigurationReference = C83314EDCC8D5EA6AE19E2EB /* Pods-testApp-testAppUITests.release.xcconfig */;
			buildSettings = {
				ALWAYS_EMBED_SWIFT_STANDARD_LIBRARIES = YES;
				CODE_SIGN_STYLE = Automatic;
				DEVELOPMENT_TEAM = 4QKU98VAAA;
				INFOPLIST_FILE = testAppUITests/Info.plist;
				LD_RUNPATH_SEARCH_PATHS = (
					"$(inherited)",
					"@executable_path/Frameworks",
					"@loader_path/Frameworks",
				);
				PRODUCT_BUNDLE_IDENTIFIER = com.nazym.berdaliyeva.testAppUITests;
				PRODUCT_NAME = "$(TARGET_NAME)";
				SWIFT_VERSION = 5.0;
				TARGETED_DEVICE_FAMILY = "1,2";
				TEST_TARGET_NAME = testApp;
			};
			name = Release;
		};
/* End XCBuildConfiguration section */

/* Begin XCConfigurationList section */
		04B56CD42394C98200743C55 /* Build configuration list for PBXProject "testApp" */ = {
			isa = XCConfigurationList;
			buildConfigurations = (
				04B56CFF2394C98500743C55 /* Debug */,
				04B56D002394C98500743C55 /* Release */,
			);
			defaultConfigurationIsVisible = 0;
			defaultConfigurationName = Release;
		};
		04B56D012394C98500743C55 /* Build configuration list for PBXNativeTarget "testApp" */ = {
			isa = XCConfigurationList;
			buildConfigurations = (
				04B56D022394C98500743C55 /* Debug */,
				04B56D032394C98500743C55 /* Release */,
			);
			defaultConfigurationIsVisible = 0;
			defaultConfigurationName = Release;
		};
		04B56D042394C98500743C55 /* Build configuration list for PBXNativeTarget "testAppTests" */ = {
			isa = XCConfigurationList;
			buildConfigurations = (
				04B56D052394C98500743C55 /* Debug */,
				04B56D062394C98500743C55 /* Release */,
			);
			defaultConfigurationIsVisible = 0;
			defaultConfigurationName = Release;
		};
		04B56D072394C98500743C55 /* Build configuration list for PBXNativeTarget "testAppUITests" */ = {
			isa = XCConfigurationList;
			buildConfigurations = (
				04B56D082394C98500743C55 /* Debug */,
				04B56D092394C98500743C55 /* Release */,
			);
			defaultConfigurationIsVisible = 0;
			defaultConfigurationName = Release;
		};
/* End XCConfigurationList section */
	};
	rootObject = 04B56CD12394C98200743C55 /* Project object */;
}
